
Microsoft Visual Studio Solution File, Format Version 12.00
# Visual Studio Version 17
VisualStudioVersion = 17.9.34902.65
MinimumVisualStudioVersion = 10.0.40219.1
Project("{FAE04EC0-301F-11D3-BF4B-00C04F79EFBC}") = "lootbox", "lootbox\lootbox.csproj", "{252CF42F-0D30-44D2-AEAC-9FC89139BB68}"
EndProject
Global
	GlobalSection(SolutionConfigurationPlatforms) = preSolution
		Debug|Any CPU = Debug|Any CPU
		Release|Any CPU = Release|Any CPU
	EndGlobalSection
	GlobalSection(ProjectConfigurationPlatforms) = postSolution
		{252CF42F-0D30-44D2-AEAC-9FC89139BB68}.Debug|Any CPU.ActiveCfg = Debug|Any CPU
		{252CF42F-0D30-44D2-AEAC-9FC89139BB68}.Debug|Any CPU.Build.0 = Debug|Any CPU
		{252CF42F-0D30-44D2-AEAC-9FC89139BB68}.Release|Any CPU.ActiveCfg = Release|Any CPU
		{252CF42F-0D30-44D2-AEAC-9FC89139BB68}.Release|Any CPU.Build.0 = Release|Any CPU
	EndGlobalSection
	GlobalSection(SolutionProperties) = preSolution
		HideSolutionNode = FALSE
	EndGlobalSection
	GlobalSection(ExtensibilityGlobals) = postSolution
		SolutionGuid = {B71198D8-5D01-4ACF-8F84-A017D3003BEC}
	EndGlobalSection
EndGlobal
